github.com/rshelekhov/sso-protos v0.0.0-20240315062303-9e0870d0f2be h1:aBsTw+hfKECzP5FxKIpAwYHyCECAJcCPY4j6k4hjYSU=
github.com/rshelekhov/sso-protos v0.0.0-20240315062303-9e0870d0f2be/go.mod h1:q56u2f9xPzHxqwDwkryIwws43wC4ytQqkUp4kAgfJzM=
github.com/rshelekhov/sso-protos v0.0.1 h1:KoYZpEX4Sczrh3x4myEHhDlSJihmX/riOoa0WccTsJ0=
github.com/rshelekhov/sso-protos v0.0.1/go.mod h1:q56u2f9xPzHxqwDwkryIwws43wC4ytQqkUp4kAgfJzM=
